
Microsoft Visual Studio Solution File, Format Version 12.00
# Visual Studio Version 17
VisualStudioVersion = 17.0.31903.59
MinimumVisualStudioVersion = 10.0.40219.1
Project("{2150E333-8FDC-42A3-9474-1A3956D46DE8}") = "src", "src", "{E6B9562E-6B8A-4D0E-B8E1-E92DDF125D01}"
EndProject
Project("{FAE04EC0-301F-11D3-BF4B-00C04F79EFBC}") = "ScreenMind.Core", "src\ScreenMind.Core\ScreenMind.Core.csproj", "{490DF9E7-F485-47D6-986B-53CDD20DA206}"
EndProject
Project("{FAE04EC0-301F-11D3-BF4B-00C04F79EFBC}") = "ScreenMind.AI", "src\ScreenMind.AI\ScreenMind.AI.csproj", "{11B171E9-1823-44C6-B3BA-12CBD0A2E2E3}"
EndProject
Project("{FAE04EC0-301F-11D3-BF4B-00C04F79EFBC}") = "ScreenMind.Infrastructure", "src\ScreenMind.Infrastructure\ScreenMind.Infrastructure.csproj", "{B28CDEB0-711E-4302-8120-E24999E0D8E4}"
EndProject
Project("{FAE04EC0-301F-11D3-BF4B-00C04F79EFBC}") = "ScreenMind.Platform.Windows", "src\ScreenMind.Platform.Windows\ScreenMind.Platform.Windows.csproj", "{3ADBAB7A-9FD4-443D-B6CF-E8C813737CF6}"
EndProject
Project("{FAE04EC0-301F-11D3-BF4B-00C04F79EFBC}") = "ScreenMind.Providers.OpenAI", "src\ScreenMind.Providers.OpenAI\ScreenMind.Providers.OpenAI.csproj", "{0F9C4919-A28B-4FD3-9603-C147FD9F8CB7}"
EndProject
Project("{FAE04EC0-301F-11D3-BF4B-00C04F79EFBC}") = "ScreenMind.Providers.OpenAICompatible", "src\ScreenMind.Providers.OpenAICompatible\ScreenMind.Providers.OpenAICompatible.csproj", "{1829B529-0F89-4287-BAA0-74E6379029D5}"
EndProject
Project("{FAE04EC0-301F-11D3-BF4B-00C04F79EFBC}") = "ScreenMind.Providers.Anthropic", "src\ScreenMind.Providers.Anthropic\ScreenMind.Providers.Anthropic.csproj", "{A6F9B426-1EC3-47E1-A6E3-E60782FEE66C}"
EndProject
Project("{FAE04EC0-301F-11D3-BF4B-00C04F79EFBC}") = "ScreenMind.Providers.Gemini", "src\ScreenMind.Providers.Gemini\ScreenMind.Providers.Gemini.csproj", "{596E6842-9A39-48AB-9067-7F2359B7E03B}"
EndProject
Project("{FAE04EC0-301F-11D3-BF4B-00C04F79EFBC}") = "ScreenMind.Providers.Ollama", "src\ScreenMind.Providers.Ollama\ScreenMind.Providers.Ollama.csproj", "{A58BEE08-41DD-423E-9F34-4C2599E38CC0}"
EndProject
Project("{FAE04EC0-301F-11D3-BF4B-00C04F79EFBC}") = "ScreenMind.UI", "src\ScreenMind.UI\ScreenMind.UI.csproj", "{04879F13-CD89-4A71-96A1-9076FB4F1E41}"
EndProject
Project("{FAE04EC0-301F-11D3-BF4B-00C04F79EFBC}") = "ScreenMind.App", "src\ScreenMind.App\ScreenMind.App.csproj", "{DD8F1CBC-3BB3-452B-B6E1-2F94FBA89A2D}"
EndProject
Project("{2150E333-8FDC-42A3-9474-1A3956D46DE8}") = "tests", "tests", "{B39DA2EF-BFA1-4BD2-805B-7383085B56A0}"
EndProject
Project("{FAE04EC0-301F-11D3-BF4B-00C04F79EFBC}") = "ScreenMind.Core.Tests", "tests\ScreenMind.Core.Tests\ScreenMind.Core.Tests.csproj", "{B7C46E5B-AFDC-4FBB-8FD8-02F8FDFBA28D}"
EndProject
Project("{FAE04EC0-301F-11D3-BF4B-00C04F79EFBC}") = "ScreenMind.AI.Tests", "tests\ScreenMind.AI.Tests\ScreenMind.AI.Tests.csproj", "{5E1D387D-F437-493D-B9AA-E4CFAA484FEA}"
EndProject
Project("{FAE04EC0-301F-11D3-BF4B-00C04F79EFBC}") = "ScreenMind.Platform.Windows.Tests", "tests\ScreenMind.Platform.Windows.Tests\ScreenMind.Platform.Windows.Tests.csproj", "{B9359597-DE95-4C48-823D-E98853D0B79F}"
EndProject
Project("{FAE04EC0-301F-11D3-BF4B-00C04F79EFBC}") = "ScreenMind.IntegrationTests", "tests\ScreenMind.IntegrationTests\ScreenMind.IntegrationTests.csproj", "{98FC9668-2BD8-420D-B69F-2F31A7BC06AB}"
EndProject
Global
	GlobalSection(SolutionConfigurationPlatforms) = preSolution
		Debug|Any CPU = Debug|Any CPU
		Release|Any CPU = Release|Any CPU
	EndGlobalSection
	GlobalSection(SolutionProperties) = preSolution
		HideSolutionNode = FALSE
	EndGlobalSection
	GlobalSection(ProjectConfigurationPlatforms) = postSolution
		{490DF9E7-F485-47D6-986B-53CDD20DA206}.Debug|Any CPU.ActiveCfg = Debug|Any CPU
		{490DF9E7-F485-47D6-986B-53CDD20DA206}.Debug|Any CPU.Build.0 = Debug|Any CPU
		{490DF9E7-F485-47D6-986B-53CDD20DA206}.Release|Any CPU.ActiveCfg = Release|Any CPU
		{490DF9E7-F485-47D6-986B-53CDD20DA206}.Release|Any CPU.Build.0 = Release|Any CPU
		{11B171E9-1823-44C6-B3BA-12CBD0A2E2E3}.Debug|Any CPU.ActiveCfg = Debug|Any CPU
		{11B171E9-1823-44C6-B3BA-12CBD0A2E2E3}.Debug|Any CPU.Build.0 = Debug|Any CPU
		{11B171E9-1823-44C6-B3BA-12CBD0A2E2E3}.Release|Any CPU.ActiveCfg = Release|Any CPU
		{11B171E9-1823-44C6-B3BA-12CBD0A2E2E3}.Release|Any CPU.Build.0 = Release|Any CPU
		{B28CDEB0-711E-4302-8120-E24999E0D8E4}.Debug|Any CPU.ActiveCfg = Debug|Any CPU
		{B28CDEB0-711E-4302-8120-E24999E0D8E4}.Debug|Any CPU.Build.0 = Debug|Any CPU
		{B28CDEB0-711E-4302-8120-E24999E0D8E4}.Release|Any CPU.ActiveCfg = Release|Any CPU
		{B28CDEB0-711E-4302-8120-E24999E0D8E4}.Release|Any CPU.Build.0 = Release|Any CPU
		{3ADBAB7A-9FD4-443D-B6CF-E8C813737CF6}.Debug|Any CPU.ActiveCfg = Debug|Any CPU
		{3ADBAB7A-9FD4-443D-B6CF-E8C813737CF6}.Debug|Any CPU.Build.0 = Debug|Any CPU
		{3ADBAB7A-9FD4-443D-B6CF-E8C813737CF6}.Release|Any CPU.ActiveCfg = Release|Any CPU
		{3ADBAB7A-9FD4-443D-B6CF-E8C813737CF6}.Release|Any CPU.Build.0 = Release|Any CPU
		{0F9C4919-A28B-4FD3-9603-C147FD9F8CB7}.Debug|Any CPU.ActiveCfg = Debug|Any CPU
		{0F9C4919-A28B-4FD3-9603-C147FD9F8CB7}.Debug|Any CPU.Build.0 = Debug|Any CPU
		{0F9C4919-A28B-4FD3-9603-C147FD9F8CB7}.Release|Any CPU.ActiveCfg = Release|Any CPU
		{0F9C4919-A28B-4FD3-9603-C147FD9F8CB7}.Release|Any CPU.Build.0 = Release|Any CPU
		{1829B529-0F89-4287-BAA0-74E6379029D5}.Debug|Any CPU.ActiveCfg = Debug|Any CPU
		{1829B529-0F89-4287-BAA0-74E6379029D5}.Debug|Any CPU.Build.0 = Debug|Any CPU
		{1829B529-0F89-4287-BAA0-74E6379029D5}.Release|Any CPU.ActiveCfg = Release|Any CPU
		{1829B529-0F89-4287-BAA0-74E6379029D5}.Release|Any CPU.Build.0 = Release|Any CPU
		{A6F9B426-1EC3-47E1-A6E3-E60782FEE66C}.Debug|Any CPU.ActiveCfg = Debug|Any CPU
		{A6F9B426-1EC3-47E1-A6E3-E60782FEE66C}.Debug|Any CPU.Build.0 = Debug|Any CPU
		{A6F9B426-1EC3-47E1-A6E3-E60782FEE66C}.Release|Any CPU.ActiveCfg = Release|Any CPU
		{A6F9B426-1EC3-47E1-A6E3-E60782FEE66C}.Release|Any CPU.Build.0 = Release|Any CPU
		{596E6842-9A39-48AB-9067-7F2359B7E03B}.Debug|Any CPU.ActiveCfg = Debug|Any CPU
		{596E6842-9A39-48AB-9067-7F2359B7E03B}.Debug|Any CPU.Build.0 = Debug|Any CPU
		{596E6842-9A39-48AB-9067-7F2359B7E03B}.Release|Any CPU.ActiveCfg = Release|Any CPU
		{596E6842-9A39-48AB-9067-7F2359B7E03B}.Release|Any CPU.Build.0 = Release|Any CPU
		{A58BEE08-41DD-423E-9F34-4C2599E38CC0}.Debug|Any CPU.ActiveCfg = Debug|Any CPU
		{A58BEE08-41DD-423E-9F34-4C2599E38CC0}.Debug|Any CPU.Build.0 = Debug|Any CPU
		{A58BEE08-41DD-423E-9F34-4C2599E38CC0}.Release|Any CPU.ActiveCfg = Release|Any CPU
		{A58BEE08-41DD-423E-9F34-4C2599E38CC0}.Release|Any CPU.Build.0 = Release|Any CPU
		{04879F13-CD89-4A71-96A1-9076FB4F1E41}.Debug|Any CPU.ActiveCfg = Debug|Any CPU
		{04879F13-CD89-4A71-96A1-9076FB4F1E41}.Debug|Any CPU.Build.0 = Debug|Any CPU
		{04879F13-CD89-4A71-96A1-9076FB4F1E41}.Release|Any CPU.ActiveCfg = Release|Any CPU
		{04879F13-CD89-4A71-96A1-9076FB4F1E41}.Release|Any CPU.Build.0 = Release|Any CPU
		{DD8F1CBC-3BB3-452B-B6E1-2F94FBA89A2D}.Debug|Any CPU.ActiveCfg = Debug|Any CPU
		{DD8F1CBC-3BB3-452B-B6E1-2F94FBA89A2D}.Debug|Any CPU.Build.0 = Debug|Any CPU
		{DD8F1CBC-3BB3-452B-B6E1-2F94FBA89A2D}.Release|Any CPU.ActiveCfg = Release|Any CPU
		{DD8F1CBC-3BB3-452B-B6E1-2F94FBA89A2D}.Release|Any CPU.Build.0 = Release|Any CPU
		{B7C46E5B-AFDC-4FBB-8FD8-02F8FDFBA28D}.Debug|Any CPU.ActiveCfg = Debug|Any CPU
		{B7C46E5B-AFDC-4FBB-8FD8-02F8FDFBA28D}.Debug|Any CPU.Build.0 = Debug|Any CPU
		{B7C46E5B-AFDC-4FBB-8FD8-02F8FDFBA28D}.Release|Any CPU.ActiveCfg = Release|Any CPU
		{B7C46E5B-AFDC-4FBB-8FD8-02F8FDFBA28D}.Release|Any CPU.Build.0 = Release|Any CPU
		{5E1D387D-F437-493D-B9AA-E4CFAA484FEA}.Debug|Any CPU.ActiveCfg = Debug|Any CPU
		{5E1D387D-F437-493D-B9AA-E4CFAA484FEA}.Debug|Any CPU.Build.0 = Debug|Any CPU
		{5E1D387D-F437-493D-B9AA-E4CFAA484FEA}.Release|Any CPU.ActiveCfg = Release|Any CPU
		{5E1D387D-F437-493D-B9AA-E4CFAA484FEA}.Release|Any CPU.Build.0 = Release|Any CPU
		{B9359597-DE95-4C48-823D-E98853D0B79F}.Debug|Any CPU.ActiveCfg = Debug|Any CPU
		{B9359597-DE95-4C48-823D-E98853D0B79F}.Debug|Any CPU.Build.0 = Debug|Any CPU
		{B9359597-DE95-4C48-823D-E98853D0B79F}.Release|Any CPU.ActiveCfg = Release|Any CPU
		{B9359597-DE95-4C48-823D-E98853D0B79F}.Release|Any CPU.Build.0 = Release|Any CPU
		{98FC9668-2BD8-420D-B69F-2F31A7BC06AB}.Debug|Any CPU.ActiveCfg = Debug|Any CPU
		{98FC9668-2BD8-420D-B69F-2F31A7BC06AB}.Debug|Any CPU.Build.0 = Debug|Any CPU
		{98FC9668-2BD8-420D-B69F-2F31A7BC06AB}.Release|Any CPU.ActiveCfg = Release|Any CPU
		{98FC9668-2BD8-420D-B69F-2F31A7BC06AB}.Release|Any CPU.Build.0 = Release|Any CPU
	EndGlobalSection
	GlobalSection(NestedProjects) = preSolution
		{490DF9E7-F485-47D6-986B-53CDD20DA206} = {E6B9562E-6B8A-4D0E-B8E1-E92DDF125D01}
		{11B171E9-1823-44C6-B3BA-12CBD0A2E2E3} = {E6B9562E-6B8A-4D0E-B8E1-E92DDF125D01}
		{B28CDEB0-711E-4302-8120-E24999E0D8E4} = {E6B9562E-6B8A-4D0E-B8E1-E92DDF125D01}
		{3ADBAB7A-9FD4-443D-B6CF-E8C813737CF6} = {E6B9562E-6B8A-4D0E-B8E1-E92DDF125D01}
		{0F9C4919-A28B-4FD3-9603-C147FD9F8CB7} = {E6B9562E-6B8A-4D0E-B8E1-E92DDF125D01}
		{1829B529-0F89-4287-BAA0-74E6379029D5} = {E6B9562E-6B8A-4D0E-B8E1-E92DDF125D01}
		{A6F9B426-1EC3-47E1-A6E3-E60782FEE66C} = {E6B9562E-6B8A-4D0E-B8E1-E92DDF125D01}
		{596E6842-9A39-48AB-9067-7F2359B7E03B} = {E6B9562E-6B8A-4D0E-B8E1-E92DDF125D01}
		{A58BEE08-41DD-423E-9F34-4C2599E38CC0} = {E6B9562E-6B8A-4D0E-B8E1-E92DDF125D01}
		{04879F13-CD89-4A71-96A1-9076FB4F1E41} = {E6B9562E-6B8A-4D0E-B8E1-E92DDF125D01}
		{DD8F1CBC-3BB3-452B-B6E1-2F94FBA89A2D} = {E6B9562E-6B8A-4D0E-B8E1-E92DDF125D01}
		{B7C46E5B-AFDC-4FBB-8FD8-02F8FDFBA28D} = {B39DA2EF-BFA1-4BD2-805B-7383085B56A0}
		{5E1D387D-F437-493D-B9AA-E4CFAA484FEA} = {B39DA2EF-BFA1-4BD2-805B-7383085B56A0}
		{B9359597-DE95-4C48-823D-E98853D0B79F} = {B39DA2EF-BFA1-4BD2-805B-7383085B56A0}
		{98FC9668-2BD8-420D-B69F-2F31A7BC06AB} = {B39DA2EF-BFA1-4BD2-805B-7383085B56A0}
	EndGlobalSection
EndGlobal
